github.com/Alvin-Fu/testmod v1.0.2 h1:W5r1TZ9u6opD3gj4MhAJbVygNJ3Ks3nxV7kcx8qjOyI=
github.com/Alvin-Fu/testmod v1.0.2/go.mod h1:wYL5ehTThIjR3QQTEobJeudhAkurMbz0koMY8mAYkbs=
github.com/Alvin-Fu/testmod/v2 v2.0.0 h1:3gYxqtn5/kFkFkDCnTfxG8x5jXmPhR/MgB+NqAzbQQg=
github.com/Alvin-Fu/testmod/v2 v2.0.0/go.mod h1:FjoGbi1WiV3UOGMQsO1shgfNhWm7ZUe88HNbjiQcHXI=
